
Microsoft Visual Studio Solution File, Format Version 12.00
# Visual Studio 15
VisualStudioVersion = 15.0.27703.2047
MinimumVisualStudioVersion = 10.0.40219.1
Project("{FAE04EC0-301F-11D3-BF4B-00C04F79EFBC}") = "Lab1Test", "Lab1Test\Lab1Test.csproj", "{B1293430-B890-4583-95DF-92E3F3C89166}"
EndProject
Global
	GlobalSection(SolutionConfigurationPlatforms) = preSolution
		Debug|x86 = Debug|x86
		Release|x86 = Release|x86
	EndGlobalSection
	GlobalSection(ProjectConfigurationPlatforms) = postSolution
		{B1293430-B890-4583-95DF-92E3F3C89166}.Debug|x86.ActiveCfg = Debug|x86
		{B1293430-B890-4583-95DF-92E3F3C89166}.Debug|x86.Build.0 = Debug|x86
		{B1293430-B890-4583-95DF-92E3F3C89166}.Release|x86.ActiveCfg = Release|x86
		{B1293430-B890-4583-95DF-92E3F3C89166}.Release|x86.Build.0 = Release|x86
	EndGlobalSection
	GlobalSection(SolutionProperties) = preSolution
		HideSolutionNode = FALSE
	EndGlobalSection
	GlobalSection(ExtensibilityGlobals) = postSolution
		SolutionGuid = {4AE085A2-F030-44DD-9E7B-A1C8CA933825}
	EndGlobalSection
EndGlobal
